<?xml version="1.0" encoding="utf-8"?>
<Project ToolsVersion="4.0" xmlns="http://schemas.microsoft.com/developer/msbuild/2003">
  <ItemGroup>
    <ClCompile Include="game.cpp" />
    <ClCompile Include="DXUT\Optional\DXUTcamera.cpp">
      <Filter>DXUT\Optional</Filter>
    </ClCompile>
    <ClCompile Include="DXUT\Optional\DXUTgui.cpp">
      <Filter>DXUT\Optional</Filter>
    </ClCompile>
    <ClCompile Include="DXUT\Optional\DXUTguiIME.cpp">
      <Filter>DXUT\Optional</Filter>
    </ClCompile>
    <ClCompile Include="DXUT\Optional\DXUTres.cpp">
      <Filter>DXUT\Optional</Filter>
    </ClCompile>
    <ClCompile Include="DXUT\Optional\DXUTsettingsdlg.cpp">
      <Filter>DXUT\Optional</Filter>
    </ClCompile>
    <ClCompile Include="DXUT\Optional\ImeUi.cpp">
      <Filter>DXUT\Optional</Filter>
    </ClCompile>
    <ClCompile Include="DXUT\Optional\SDKmesh.cpp">
      <Filter>DXUT\Optional</Filter>
    </ClCompile>
    <ClCompile Include="DXUT\Optional\SDKmisc.cpp">
      <Filter>DXUT\Optional</Filter>
    </ClCompile>
    <ClCompile Include="DXUT\Optional\SDKsound.cpp">
      <Filter>DXUT\Optional</Filter>
    </ClCompile>
    <ClCompile Include="DXUT\Optional\SDKwavefile.cpp">
      <Filter>DXUT\Optional</Filter>
    </ClCompile>
    <ClCompile Include="DXUT\Core\DXUT.cpp">
      <Filter>DXUT\Core</Filter>
    </ClCompile>
    <ClCompile Include="DXUT\Core\DXUTDevice9.cpp">
      <Filter>DXUT\Core</Filter>
    </ClCompile>
    <ClCompile Include="DXUT\Core\DXUTDevice11.cpp">
      <Filter>DXUT\Core</Filter>
    </ClCompile>
    <ClCompile Include="DXUT\Core\DXUTmisc.cpp">
      <Filter>DXUT\Core</Filter>
    </ClCompile>
    <ClCompile Include="..\..\..\external\ntx\NTX.cpp" />
    <ClCompile Include="T3d.cpp" />
    <ClCompile Include="Mesh.cpp" />
    <ClCompile Include="EnemyInstance.cpp" />
    <ClCompile Include="EnemyTransformation.cpp" />
    <ClCompile Include="ObjectTransformation.cpp" />
    <ClCompile Include="Particle.cpp" />
    <ClCompile Include="ParticleEffect.cpp" />
    <ClCompile Include="ProjectileType.cpp" />
    <ClCompile Include="TerrainObject.cpp" />
    <ClCompile Include="WeaponType.cpp" />
    <ClCompile Include="MeshRenderer.cpp">
      <Filter>Renderer</Filter>
    </ClCompile>
    <ClCompile Include="SpriteRenderer.cpp">
      <Filter>Renderer</Filter>
    </ClCompile>
    <ClCompile Include="Skybox.cpp">
      <Filter>Renderer</Filter>
    </ClCompile>
    <ClCompile Include="TerrainRenderer.cpp">
      <Filter>Renderer</Filter>
    </ClCompile>
    <ClCompile Include="GameObject.cpp" />
    <ClCompile Include="Enemy.cpp" />
    <ClCompile Include="SphereCollider.cpp">
      <Filter>Components</Filter>
    </ClCompile>
    <ClCompile Include="gcProjectile.cpp">
      <Filter>Components</Filter>
    </ClCompile>
  </ItemGroup>
  <ItemGroup>
    <ClInclude Include="debug.h" />
    <ClInclude Include="DXUT\Optional\DXUTcamera.h">
      <Filter>DXUT\Optional</Filter>
    </ClInclude>
    <ClInclude Include="DXUT\Optional\DXUTgui.h">
      <Filter>DXUT\Optional</Filter>
    </ClInclude>
    <ClInclude Include="DXUT\Optional\DXUTguiIME.h">
      <Filter>DXUT\Optional</Filter>
    </ClInclude>
    <ClInclude Include="DXUT\Optional\DXUTLockFreePipe.h">
      <Filter>DXUT\Optional</Filter>
    </ClInclude>
    <ClInclude Include="DXUT\Optional\DXUTres.h">
      <Filter>DXUT\Optional</Filter>
    </ClInclude>
    <ClInclude Include="DXUT\Optional\DXUTsettingsdlg.h">
      <Filter>DXUT\Optional</Filter>
    </ClInclude>
    <ClInclude Include="DXUT\Optional\ImeUi.h">
      <Filter>DXUT\Optional</Filter>
    </ClInclude>
    <ClInclude Include="DXUT\Optional\SDKmesh.h">
      <Filter>DXUT\Optional</Filter>
    </ClInclude>
    <ClInclude Include="DXUT\Optional\SDKmisc.h">
      <Filter>DXUT\Optional</Filter>
    </ClInclude>
    <ClInclude Include="DXUT\Optional\SDKsound.h">
      <Filter>DXUT\Optional</Filter>
    </ClInclude>
    <ClInclude Include="DXUT\Optional\SDKwavefile.h">
      <Filter>DXUT\Optional</Filter>
    </ClInclude>
    <ClInclude Include="DXUT\Core\DXUT.h">
      <Filter>DXUT\Core</Filter>
    </ClInclude>
    <ClInclude Include="DXUT\Core\DXUTDevice9.h">
      <Filter>DXUT\Core</Filter>
    </ClInclude>
    <ClInclude Include="DXUT\Core\DXUTDevice11.h">
      <Filter>DXUT\Core</Filter>
    </ClInclude>
    <ClInclude Include="DXUT\Core\DXUTmisc.h">
      <Filter>DXUT\Core</Filter>
    </ClInclude>
    <ClInclude Include="..\..\..\external\ntx\NTX.h" />
    <ClInclude Include="Mesh.h" />
    <ClInclude Include="Resource.h" />
    <ClInclude Include="T3d.h" />
    <ClInclude Include="Macros.h" />
    <ClInclude Include="EnemyInstance.h" />
    <ClInclude Include="EnemyTransformation.h" />
    <ClInclude Include="ObjectTransformation.h" />
    <ClInclude Include="Particle.h" />
    <ClInclude Include="ParticleEffect.h" />
    <ClInclude Include="ProjectileType.h" />
    <ClInclude Include="TerrainObject.h" />
    <ClInclude Include="WeaponType.h" />
    <ClInclude Include="MeshRenderer.h">
      <Filter>Renderer</Filter>
    </ClInclude>
    <ClInclude Include="SpriteRenderer.h">
      <Filter>Renderer</Filter>
    </ClInclude>
    <ClInclude Include="Skybox.h">
      <Filter>Renderer</Filter>
    </ClInclude>
    <ClInclude Include="TerrainRenderer.h">
      <Filter>Renderer</Filter>
    </ClInclude>
    <ClInclude Include="GameObject.h" />
    <ClInclude Include="Enemy.h" />
    <ClInclude Include="SphereCollider.h">
      <Filter>Components</Filter>
    </ClInclude>
    <ClInclude Include="GameComponent.h">
      <Filter>Components</Filter>
    </ClInclude>
    <ClInclude Include="gcProjectile.h">
      <Filter>Components</Filter>
    </ClInclude>
  </ItemGroup>
  <ItemGroup>
    <ResourceCompile Include="game.rc" />
  </ItemGroup>
  <ItemGroup>
    <FX_HLSL Include="game.fx">
      <Filter>Shader</Filter>
    </FX_HLSL>
    <FX_HLSL Include="Skybox.fx">
      <Filter>Shader</Filter>
    </FX_HLSL>
    <FX_HLSL Include="SpriteRenderer.fx">
      <Filter>Shader</Filter>
    </FX_HLSL>
    <FX_HLSL Include="MeshRenderer.fx">
      <Filter>Shader</Filter>
    </FX_HLSL>
    <FX_HLSL Include="TerrainRenderer.fx">
      <Filter>Shader</Filter>
    </FX_HLSL>
  </ItemGroup>
  <ItemGroup>
    <Filter Include="DXUT">
      <UniqueIdentifier>{62efbd43-2c6d-4a85-a132-4ff76cf956d9}</UniqueIdentifier>
    </Filter>
    <Filter Include="DXUT\Core">
      <UniqueIdentifier>{4cd3051f-51d1-4cbd-a86e-f6b94518eaa6}</UniqueIdentifier>
    </Filter>
    <Filter Include="DXUT\Optional">
      <UniqueIdentifier>{3b052faf-3892-4e65-9d1f-18189bc766f0}</UniqueIdentifier>
    </Filter>
    <Filter Include="Shader">
      <UniqueIdentifier>{7d920030-3466-426e-b8f4-7c8e1509fd01}</UniqueIdentifier>
    </Filter>
    <Filter Include="Renderer">
      <UniqueIdentifier>{69597981-2dd8-4786-9bd6-5e777aaeebc1}</UniqueIdentifier>
    </Filter>
    <Filter Include="Components">
      <UniqueIdentifier>{e4df98f3-a406-4984-aeec-75203d3fad52}</UniqueIdentifier>
    </Filter>
  </ItemGroup>
  <ItemGroup>
    <None Include="DXUT\Optional\DXUTOpt_2010.sln">
      <Filter>DXUT\Optional</Filter>
    </None>
    <None Include="DXUT\Optional\DXUTOpt_2010.vcxproj">
      <Filter>DXUT\Optional</Filter>
    </None>
  </ItemGroup>
  <ItemGroup>
    <Manifest Include="DXUT\Core\dpiaware.manifest">
      <Filter>DXUT\Core</Filter>
    </Manifest>
  </ItemGroup>
</Project>